{
  "name": "worker",
  "lockfileVersion": 3,
  "requires": true,
  "packages": {
    "": {
      "dependencies": {
        "hono": "^4.10.6"
      }
    },
    "node_modules/hono": {
      "version": "4.12.30",
      "resolved": "https://registry.npmjs.org/hono/-/hono-4.12.30.tgz",
      "integrity": "sha512-emn+JoJjrN9YTpRDS5it/UI2SO9BAE37T6I3d963RxcZ81G9A4pr2SZTEiiaiKbzx+NKRg5BZ89fCL7gCJCUog==",
      "license": "MIT",
      "engines": {
        "node": ">=16.9.0"
      }
    }
  }
}
